
Microsoft Visual Studio Solution File, Format Version 12.00
# Visual Studio Version 16
VisualStudioVersion = 16.0.32802.440
MinimumVisualStudioVersion = 10.0.40219.1
Project("{FAE04EC0-301F-11D3-BF4B-00C04F79EFBC}") = "Xadrez", "Xadrez\Xadrez.csproj", "{5179AA7D-6708-4665-8C93-1D8C42E79459}"
EndProject
Global
	GlobalSection(SolutionConfigurationPlatforms) = preSolution
		Debug|Any CPU = Debug|Any CPU
		Release|Any CPU = Release|Any CPU
	EndGlobalSection
	GlobalSection(ProjectConfigurationPlatforms) = postSolution
		{5179AA7D-6708-4665-8C93-1D8C42E79459}.Debug|Any CPU.ActiveCfg = Debug|Any CPU
		{5179AA7D-6708-4665-8C93-1D8C42E79459}.Debug|Any CPU.Build.0 = Debug|Any CPU
		{5179AA7D-6708-4665-8C93-1D8C42E79459}.Release|Any CPU.ActiveCfg = Release|Any CPU
		{5179AA7D-6708-4665-8C93-1D8C42E79459}.Release|Any CPU.Build.0 = Release|Any CPU
	EndGlobalSection
	GlobalSection(SolutionProperties) = preSolution
		HideSolutionNode = FALSE
	EndGlobalSection
	GlobalSection(ExtensibilityGlobals) = postSolution
		SolutionGuid = {1857926D-4588-464C-B9E4-67F5F609F53A}
	EndGlobalSection
EndGlobal
